
Microsoft Visual Studio Solution File, Format Version 12.00
# Visual Studio Version 17
VisualStudioVersion = 17.13.35931.197
MinimumVisualStudioVersion = 10.0.40219.1
Project("{FAE04EC0-301F-11D3-BF4B-00C04F79EFBC}") = "Indice", "Indice\Indice.csproj", "{0F59B318-85A7-4550-9A44-D976F2E0A76C}"
EndProject
Global
	GlobalSection(SolutionConfigurationPlatforms) = preSolution
		Debug|Any CPU = Debug|Any CPU
		Release|Any CPU = Release|Any CPU
	EndGlobalSection
	GlobalSection(ProjectConfigurationPlatforms) = postSolution
		{0F59B318-85A7-4550-9A44-D976F2E0A76C}.Debug|Any CPU.ActiveCfg = Debug|Any CPU
		{0F59B318-85A7-4550-9A44-D976F2E0A76C}.Debug|Any CPU.Build.0 = Debug|Any CPU
		{0F59B318-85A7-4550-9A44-D976F2E0A76C}.Release|Any CPU.ActiveCfg = Release|Any CPU
		{0F59B318-85A7-4550-9A44-D976F2E0A76C}.Release|Any CPU.Build.0 = Release|Any CPU
	EndGlobalSection
	GlobalSection(SolutionProperties) = preSolution
		HideSolutionNode = FALSE
	EndGlobalSection
	GlobalSection(ExtensibilityGlobals) = postSolution
		SolutionGuid = {46A1E673-185E-4FE1-8CEC-859FB20513C6}
	EndGlobalSection
EndGlobal
